{
  "name": "run-cloud-published-onboarding-tests",
  "version": "1.0.0",
  "lockfileVersion": 3,
  "requires": true,
  "packages": {
    "": {
      "name": "run-cloud-published-onboarding-tests",
      "version": "1.0.0",
      "dependencies": {
        "@run-cloud/sdk": "0.4.0",
        "runcloud": "^0.1.107"
      },
      "engines": {
        "node": ">=20"
      }
    },
    "node_modules/@run-cloud/sdk": {
      "version": "0.4.0",
      "resolved": "https://registry.npmjs.org/@run-cloud/sdk/-/sdk-0.4.0.tgz",
      "integrity": "sha512-hcWJb7GUsXqYZ9qzEQJZFj6n6Y+K9oEM9dYrUD4hp2hlR5IOOllIqwN6zVF19xC3K7Wdourr6mife/Z3hCs/DA==",
      "license": "MIT",
      "engines": {
        "node": ">=20"
      }
    },
    "node_modules/commander": {
      "version": "12.1.0",
      "resolved": "https://registry.npmjs.org/commander/-/commander-12.1.0.tgz",
      "integrity": "sha512-Vw8qHK3bZM9y/P10u3Vib8o/DdkvA2OtPtZvD871QKjy74Wj1WSKFILMPRPSdUSx5RFK1arlJzEtA4PkFgnbuA==",
      "license": "MIT",
      "engines": {
        "node": ">=18"
      }
    },
    "node_modules/runcloud": {
      "version": "0.1.107",
      "resolved": "https://registry.npmjs.org/runcloud/-/runcloud-0.1.107.tgz",
      "integrity": "sha512-NGEoHVViFS2gUuJO6dREZDIOpy/hG85lcVjOzf62JkIQ2ozmVStI61gluCRPyo/YjCp4EfgRvF1C7cNctBS8JA==",
      "license": "Apache-2.0",
      "dependencies": {
        "commander": "^12.1.0",
        "ws": "^8.21.0"
      },
      "bin": {
        "runcloud": "dist/run-cloud.js"
      },
      "engines": {
        "node": ">=20"
      }
    },
    "node_modules/ws": {
      "version": "8.21.1",
      "resolved": "https://registry.npmjs.org/ws/-/ws-8.21.1.tgz",
      "integrity": "sha512-+0NTnW77fFN/DjQi6k/Sq/Yvk4Sgajw7urW8V+asjXnRgDs9gyGkdb7EzgfhA4goXsRIZKE28fzIXBHEzhuiWw==",
      "license": "MIT",
      "engines": {
        "node": ">=10.0.0"
      },
      "peerDependencies": {
        "bufferutil": "^4.0.1",
        "utf-8-validate": ">=5.0.2"
      },
      "peerDependenciesMeta": {
        "bufferutil": {
          "optional": true
        },
        "utf-8-validate": {
          "optional": true
        }
      }
    }
  }
}
