{
  "name": "run-cloud-sdk-ios-android-demo",
  "version": "1.0.0",
  "lockfileVersion": 3,
  "requires": true,
  "packages": {
    "": {
      "name": "run-cloud-sdk-ios-android-demo",
      "version": "1.0.0",
      "dependencies": {
        "@run-cloud/sdk": "^0.1.1"
      },
      "engines": {
        "node": ">=20"
      }
    },
    "node_modules/@run-cloud/sdk": {
      "version": "0.1.1",
      "resolved": "https://registry.npmjs.org/@run-cloud/sdk/-/sdk-0.1.1.tgz",
      "integrity": "sha512-UqCJuMbGvdkYEcyd/cLTFKYayd5DGHZOxTBiF2tA7UV3S0fyp9H/iiSvVaw+v4XqO9A0Oeu25pb9KbR27ekGtQ==",
      "license": "MIT",
      "engines": {
        "node": ">=20"
      }
    }
  }
}
