{
  "name": "run-cloud-ios-app-screenshot-demo",
  "version": "1.0.0",
  "lockfileVersion": 3,
  "requires": true,
  "packages": {
    "": {
      "name": "run-cloud-ios-app-screenshot-demo",
      "version": "1.0.0",
      "dependencies": {
        "@run-cloud/sdk": "0.4.0"
      },
      "engines": {
        "node": ">=20"
      }
    },
    "node_modules/@run-cloud/sdk": {
      "version": "0.4.0",
      "resolved": "https://registry.npmjs.org/@run-cloud/sdk/-/sdk-0.4.0.tgz",
      "integrity": "sha512-hcWJb7GUsXqYZ9qzEQJZFj6n6Y+K9oEM9dYrUD4hp2hlR5IOOllIqwN6zVF19xC3K7Wdourr6mife/Z3hCs/DA==",
      "license": "MIT",
      "engines": {
        "node": ">=20"
      }
    }
  }
}
